
Microsoft Visual Studio Solution File, Format Version 12.00
# Visual Studio Version 16
VisualStudioVersion = 16.0.29519.181
MinimumVisualStudioVersion = 10.0.40219.1
Project("{9A19103F-16F7-4668-BE54-9A1E7A4F7556}") = "SignalRJwtSample", "SignalRJwtSample.csproj", "{ACA557E8-68F2-43CB-A55E-0D3637953CDC}"
EndProject
Global
	GlobalSection(SolutionConfigurationPlatforms) = preSolution
		Debug|Any CPU = Debug|Any CPU
		Release|Any CPU = Release|Any CPU
	EndGlobalSection
	GlobalSection(ProjectConfigurationPlatforms) = postSolution
		{ACA557E8-68F2-43CB-A55E-0D3637953CDC}.Debug|Any CPU.ActiveCfg = Debug|Any CPU
		{ACA557E8-68F2-43CB-A55E-0D3637953CDC}.Debug|Any CPU.Build.0 = Debug|Any CPU
		{ACA557E8-68F2-43CB-A55E-0D3637953CDC}.Release|Any CPU.ActiveCfg = Release|Any CPU
		{ACA557E8-68F2-43CB-A55E-0D3637953CDC}.Release|Any CPU.Build.0 = Release|Any CPU
	EndGlobalSection
	GlobalSection(SolutionProperties) = preSolution
		HideSolutionNode = FALSE
	EndGlobalSection
	GlobalSection(ExtensibilityGlobals) = postSolution
		SolutionGuid = {30A56E92-B7F1-4BEE-AE0B-C45726EAEC2E}
	EndGlobalSection
EndGlobal
